
Microsoft Visual Studio Solution File, Format Version 12.00
# Visual Studio Version 17
VisualStudioVersion = 17.5.33424.131
MinimumVisualStudioVersion = 10.0.40219.1
Project("{8BC9CEB8-8B4A-11D0-8D11-00A0C91BC942}") = "ActivityStructure_150", "ActivityStructure_150\ActivityStructure_150.vcxproj", "{16D40514-BE5A-4786-879C-C79B5BF9E1A4}"
EndProject
Project("{8BC9CEB8-8B4A-11D0-8D11-00A0C91BC942}") = "Latihan2", "Latihan2\Latihan2.vcxproj", "{A31DCC1D-B949-4E7B-8100-56C9D6C5A8DE}"
EndProject
Project("{8BC9CEB8-8B4A-11D0-8D11-00A0C91BC942}") = "latihan3", "latihan3\latihan3.vcxproj", "{13BF40BF-9534-488F-9F17-D9361D5C4BD2}"
EndProject
Global
	GlobalSection(SolutionConfigurationPlatforms) = preSolution
		Debug|x64 = Debug|x64
		Debug|x86 = Debug|x86
		Release|x64 = Release|x64
		Release|x86 = Release|x86
	EndGlobalSection
	GlobalSection(ProjectConfigurationPlatforms) = postSolution
		{16D40514-BE5A-4786-879C-C79B5BF9E1A4}.Debug|x64.ActiveCfg = Debug|x64
		{16D40514-BE5A-4786-879C-C79B5BF9E1A4}.Debug|x64.Build.0 = Debug|x64
		{16D40514-BE5A-4786-879C-C79B5BF9E1A4}.Debug|x86.ActiveCfg = Debug|Win32
		{16D40514-BE5A-4786-879C-C79B5BF9E1A4}.Debug|x86.Build.0 = Debug|Win32
		{16D40514-BE5A-4786-879C-C79B5BF9E1A4}.Release|x64.ActiveCfg = Release|x64
		{16D40514-BE5A-4786-879C-C79B5BF9E1A4}.Release|x64.Build.0 = Release|x64
		{16D40514-BE5A-4786-879C-C79B5BF9E1A4}.Release|x86.ActiveCfg = Release|Win32
		{16D40514-BE5A-4786-879C-C79B5BF9E1A4}.Release|x86.Build.0 = Release|Win32
		{A31DCC1D-B949-4E7B-8100-56C9D6C5A8DE}.Debug|x64.ActiveCfg = Debug|x64
		{A31DCC1D-B949-4E7B-8100-56C9D6C5A8DE}.Debug|x64.Build.0 = Debug|x64
		{A31DCC1D-B949-4E7B-8100-56C9D6C5A8DE}.Debug|x86.ActiveCfg = Debug|Win32
		{A31DCC1D-B949-4E7B-8100-56C9D6C5A8DE}.Debug|x86.Build.0 = Debug|Win32
		{A31DCC1D-B949-4E7B-8100-56C9D6C5A8DE}.Release|x64.ActiveCfg = Release|x64
		{A31DCC1D-B949-4E7B-8100-56C9D6C5A8DE}.Release|x64.Build.0 = Release|x64
		{A31DCC1D-B949-4E7B-8100-56C9D6C5A8DE}.Release|x86.ActiveCfg = Release|Win32
		{A31DCC1D-B949-4E7B-8100-56C9D6C5A8DE}.Release|x86.Build.0 = Release|Win32
		{13BF40BF-9534-488F-9F17-D9361D5C4BD2}.Debug|x64.ActiveCfg = Debug|x64
		{13BF40BF-9534-488F-9F17-D9361D5C4BD2}.Debug|x64.Build.0 = Debug|x64
		{13BF40BF-9534-488F-9F17-D9361D5C4BD2}.Debug|x86.ActiveCfg = Debug|Win32
		{13BF40BF-9534-488F-9F17-D9361D5C4BD2}.Debug|x86.Build.0 = Debug|Win32
		{13BF40BF-9534-488F-9F17-D9361D5C4BD2}.Release|x64.ActiveCfg = Release|x64
		{13BF40BF-9534-488F-9F17-D9361D5C4BD2}.Release|x64.Build.0 = Release|x64
		{13BF40BF-9534-488F-9F17-D9361D5C4BD2}.Release|x86.ActiveCfg = Release|Win32
		{13BF40BF-9534-488F-9F17-D9361D5C4BD2}.Release|x86.Build.0 = Release|Win32
	EndGlobalSection
	GlobalSection(SolutionProperties) = preSolution
		HideSolutionNode = FALSE
	EndGlobalSection
	GlobalSection(ExtensibilityGlobals) = postSolution
		SolutionGuid = {17BF80EF-DB4C-4417-8E7F-0D0B2DA7A566}
	EndGlobalSection
EndGlobal
